{
  "originHash" : "f9e036b1d9435e8ffd35308620d3c1879c3500d6551ce1c48c289f4290990e27",
  "pins" : [
    {
      "identity" : "sonos-swift-networking",
      "kind" : "remoteSourceControl",
      "location" : "https://github.com/JimmyJammed/sonos-swift-networking.git",
      "state" : {
        "revision" : "cc68f4e76dfcd7bc7ec8e97e432e90834f5596f9"
      }
    }
  ],
  "version" : 3
}
